
Microsoft Visual Studio Solution File, Format Version 12.00
# Visual Studio Version 16
VisualStudioVersion = 16.0.31829.152
MinimumVisualStudioVersion = 10.0.40219.1
Project("{FAE04EC0-301F-11D3-BF4B-00C04F79EFBC}") = "program_visual", "program_visual.csproj", "{EFD07ACE-3FB1-4D72-8284-80663E791B0E}"
EndProject
Project("{FAE04EC0-301F-11D3-BF4B-00C04F79EFBC}") = "AccesoDatos_ClassLibrary", "..\AccesoDatos_ClassLibrary\AccesoDatos_ClassLibrary.csproj", "{C9BF8C2F-09D9-4344-B47E-6673EB31BCB2}"
EndProject
Project("{FAE04EC0-301F-11D3-BF4B-00C04F79EFBC}") = "Logica.ClassLibrary", "..\Logica.ClassLibrary\Logica.ClassLibrary.csproj", "{26C247DD-68D1-46C0-8785-6BDCC14BB928}"
EndProject
Global
	GlobalSection(SolutionConfigurationPlatforms) = preSolution
		Debug|Any CPU = Debug|Any CPU
		Release|Any CPU = Release|Any CPU
	EndGlobalSection
	GlobalSection(ProjectConfigurationPlatforms) = postSolution
		{EFD07ACE-3FB1-4D72-8284-80663E791B0E}.Debug|Any CPU.ActiveCfg = Debug|Any CPU
		{EFD07ACE-3FB1-4D72-8284-80663E791B0E}.Debug|Any CPU.Build.0 = Debug|Any CPU
		{EFD07ACE-3FB1-4D72-8284-80663E791B0E}.Release|Any CPU.ActiveCfg = Release|Any CPU
		{EFD07ACE-3FB1-4D72-8284-80663E791B0E}.Release|Any CPU.Build.0 = Release|Any CPU
		{C9BF8C2F-09D9-4344-B47E-6673EB31BCB2}.Debug|Any CPU.ActiveCfg = Debug|Any CPU
		{C9BF8C2F-09D9-4344-B47E-6673EB31BCB2}.Debug|Any CPU.Build.0 = Debug|Any CPU
		{C9BF8C2F-09D9-4344-B47E-6673EB31BCB2}.Release|Any CPU.ActiveCfg = Release|Any CPU
		{C9BF8C2F-09D9-4344-B47E-6673EB31BCB2}.Release|Any CPU.Build.0 = Release|Any CPU
		{26C247DD-68D1-46C0-8785-6BDCC14BB928}.Debug|Any CPU.ActiveCfg = Debug|Any CPU
		{26C247DD-68D1-46C0-8785-6BDCC14BB928}.Debug|Any CPU.Build.0 = Debug|Any CPU
		{26C247DD-68D1-46C0-8785-6BDCC14BB928}.Release|Any CPU.ActiveCfg = Release|Any CPU
		{26C247DD-68D1-46C0-8785-6BDCC14BB928}.Release|Any CPU.Build.0 = Release|Any CPU
	EndGlobalSection
	GlobalSection(SolutionProperties) = preSolution
		HideSolutionNode = FALSE
	EndGlobalSection
	GlobalSection(ExtensibilityGlobals) = postSolution
		SolutionGuid = {284AFEAD-A0D7-4A4C-8C79-856A9500EAE2}
	EndGlobalSection
EndGlobal
